// !$*UTF8*$!
{
	archiveVersion = 1;
	classes = {
	};
	objectVersion = 50;
	objects = {

/* Begin PBXBuildFile section */
		6F1D5CEA24B0ADAC0056F07B /* AppDelegate.swift in Sources */ = {isa = PBXBuildFile; fileRef = 6F1D5CE924B0ADAC0056F07B /* AppDelegate.swift */; };
		6F1D5CEC24B0ADAC0056F07B /* SceneDelegate.swift in Sources */ = {isa = PBXBuildFile; fileRef = 6F1D5CEB24B0ADAC0056F07B /* SceneDelegate.swift */; };
		6F1D5CEE24B0ADAC0056F07B /* ViewController.swift in Sources */ = {isa = PBXBuildFile; fileRef = 6F1D5CED24B0ADAC0056F07B /* ViewController.swift */; };
		6F1D5CF124B0ADAC0056F07B /* Main.storyboard in Resources */ = {isa = PBXBuildFile; fileRef = 6F1D5CEF24B0ADAC0056F07B /* Main.storyboard */; };
		6F1D5CF324B0ADB40056F07B /* Assets.xcassets in Resources */ = {isa = PBXBuildFile; fileRef = 6F1D5CF224B0ADB40056F07B /* Assets.xcassets */; };
		6F1D5CF624B0ADB40056F07B /* LaunchScreen.storyboard in Resources */ = {isa = PBXBuildFile; fileRef = 6F1D5CF424B0ADB40056F07B /* LaunchScreen.storyboard */; };
		6F1D5D0124B0ADB50056F07B /* AppClipsDemoTests.swift in Sources */ = {isa = PBXBuildFile; fileRef = 6F1D5D0024B0ADB50056F07B /* AppClipsDemoTests.swift */; };
		6F1D5D0C24B0ADB50056F07B /* AppClipsDemoUITests.swift in Sources */ = {isa = PBXBuildFile; fileRef = 6F1D5D0B24B0ADB50056F07B /* AppClipsDemoUITests.swift */; };
/* End PBXBuildFile section */

/* Begin PBXContainerItemProxy section */
		6F1D5CFD24B0ADB50056F07B /* PBXContainerItemProxy */ = {
			isa = PBXContainerItemProxy;
			containerPortal = 6F1D5CDE24B0ADAC0056F07B /* Project object */;
			proxyType = 1;
			remoteGlobalIDString = 6F1D5CE524B0ADAC0056F07B;
			remoteInfo = AppClipsDemo;
		};
		6F1D5D0824B0ADB50056F07B /* PBXContainerItemProxy */ = {
			isa = PBXContainerItemProxy;
			containerPortal = 6F1D5CDE24B0ADAC0056F07B /* Project object */;
			proxyType = 1;
			remoteGlobalIDString = 6F1D5CE524B0ADAC0056F07B;
			remoteInfo = AppClipsDemo;
		};
/* End PBXContainerItemProxy section */

/* Begin PBXFileReference section */
		6F1D5CE624B0ADAC0056F07B /* AppClipsDemo.app */ = {isa = PBXFileReference; explicitFileType = wrapper.application; includeInIndex = 0; path = AppClipsDemo.app; sourceTree = BUILT_PRODUCTS_DIR; };
		6F1D5CE924B0ADAC0056F07B /* AppDelegate.swift */ = {isa = PBXFileReference; lastKnownFileType = sourcecode.swift; path = AppDelegate.swift; sourceTree = "<group>"; };
		6F1D5CEB24B0ADAC0056F07B /* SceneDelegate.swift */ = {isa = PBXFileReference; lastKnownFileType = sourcecode.swift; path = SceneDelegate.swift; sourceTree = "<group>"; };
		6F1D5CED24B0ADAC0056F07B /* ViewController.swift */ = {isa = PBXFileReference; lastKnownFileType = sourcecode.swift; path = ViewController.swift; sourceTree = "<group>"; };
		6F1D5CF024B0ADAC0056F07B /* Base */ = {isa = PBXFileReference; lastKnownFileType = file.storyboard; name = Base; path = Base.lproj/Main.storyboard; sourceTree = "<group>"; };
		6F1D5CF224B0ADB40056F07B /* Assets.xcassets */ = {isa = PBXFileReference; lastKnownFileType = folder.assetcatalog; path = Assets.xcassets; sourceTree = "<group>"; };
		6F1D5CF524B0ADB40056F07B /* Base */ = {isa = PBXFileReference; lastKnownFileType = file.storyboard; name = Base; path = Base.lproj/LaunchScreen.storyboard; sourceTree = "<group>"; };
		6F1D5CF724B0ADB40056F07B /* Info.plist */ = {isa = PBXFileReference; lastKnownFileType = text.plist.xml; path = Info.plist; sourceTree = "<group>"; };
		6F1D5CFC24B0ADB50056F07B /* AppClipsDemoTests.xctest */ = {isa = PBXFileReference; explicitFileType = wrapper.cfbundle; includeInIndex = 0; path = AppClipsDemoTests.xctest; sourceTree = BUILT_PRODUCTS_DIR; };
		6F1D5D0024B0ADB50056F07B /* AppClipsDemoTests.swift */ = {isa = PBXFileReference; lastKnownFileType = sourcecode.swift; path = AppClipsDemoTests.swift; sourceTree = "<group>"; };
		6F1D5D0224B0ADB50056F07B /* Info.plist */ = {isa = PBXFileReference; lastKnownFileType = text.plist.xml; path = Info.plist; sourceTree = "<group>"; };
		6F1D5D0724B0ADB50056F07B /* AppClipsDemoUITests.xctest */ = {isa = PBXFileReference; explicitFileType = wrapper.cfbundle; includeInIndex = 0; path = AppClipsDemoUITests.xctest; sourceTree = BUILT_PRODUCTS_DIR; };
		6F1D5D0B24B0ADB50056F07B /* AppClipsDemoUITests.swift */ = {isa = PBXFileReference; lastKnownFileType = sourcecode.swift; path = AppClipsDemoUITests.swift; sourceTree = "<group>"; };
		6F1D5D0D24B0ADB50056F07B /* Info.plist */ = {isa = PBXFileReference; lastKnownFileType = text.plist.xml; path = Info.plist; sourceTree = "<group>"; };
/* End PBXFileReference section */

/* Begin PBXFrameworksBuildPhase section */
		6F1D5CE324B0ADAC0056F07B /* Frameworks */ = {
			isa = PBXFrameworksBuildPhase;
			buildActionMask = 2147483647;
			files = (
			);
			runOnlyForDeploymentPostprocessing = 0;
		};
		6F1D5CF924B0ADB50056F07B /* Frameworks */ = {
			isa = PBXFrameworksBuildPhase;
			buildActionMask = 2147483647;
			files = (
			);
			runOnlyForDeploymentPostprocessing = 0;
		};
		6F1D5D0424B0ADB50056F07B /* Frameworks */ = {
			isa = PBXFrameworksBuildPhase;
			buildActionMask = 2147483647;
			files = (
			);
			runOnlyForDeploymentPostprocessing = 0;
		};
/* End PBXFrameworksBuildPhase section */

/* Begin PBXGroup section */
		6F1D5CDD24B0ADAC0056F07B = {
			isa = PBXGroup;
			children = (
				6F1D5CE824B0ADAC0056F07B /* AppClipsDemo */,
				6F1D5CFF24B0ADB50056F07B /* AppClipsDemoTests */,
				6F1D5D0A24B0ADB50056F07B /* AppClipsDemoUITests */,
				6F1D5CE724B0ADAC0056F07B /* Products */,
			);
			sourceTree = "<group>";
		};
		6F1D5CE724B0ADAC0056F07B /* Products */ = {
			isa = PBXGroup;
			children = (
				6F1D5CE624B0ADAC0056F07B /* AppClipsDemo.app */,
				6F1D5CFC24B0ADB50056F07B /* AppClipsDemoTests.xctest */,
				6F1D5D0724B0ADB50056F07B /* AppClipsDemoUITests.xctest */,
			);
			name = Products;
			sourceTree = "<group>";
		};
		6F1D5CE824B0ADAC0056F07B /* AppClipsDemo */ = {
			isa = PBXGroup;
			children = (
				6F1D5CE924B0ADAC0056F07B /* AppDelegate.swift */,
				6F1D5CEB24B0ADAC0056F07B /* SceneDelegate.swift */,
				6F1D5CED24B0ADAC0056F07B /* ViewController.swift */,
				6F1D5CEF24B0ADAC0056F07B /* Main.storyboard */,
				6F1D5CF224B0ADB40056F07B /* Assets.xcassets */,
				6F1D5CF424B0ADB40056F07B /* LaunchScreen.storyboard */,
				6F1D5CF724B0ADB40056F07B /* Info.plist */,
			);
			path = AppClipsDemo;
			sourceTree = "<group>";
		};
		6F1D5CFF24B0ADB50056F07B /* AppClipsDemoTests */ = {
			isa = PBXGroup;
			children = (
				6F1D5D0024B0ADB50056F07B /* AppClipsDemoTests.swift */,
				6F1D5D0224B0ADB50056F07B /* Info.plist */,
			);
			path = AppClipsDemoTests;
			sourceTree = "<group>";
		};
		6F1D5D0A24B0ADB50056F07B /* AppClipsDemoUITests */ = {
			isa = PBXGroup;
			children = (
				6F1D5D0B24B0ADB50056F07B /* AppClipsDemoUITests.swift */,
				6F1D5D0D24B0ADB50056F07B /* Info.plist */,
			);
			path = AppClipsDemoUITests;
			sourceTree = "<group>";
		};
/* End PBXGroup section */

/* Begin PBXNativeTarget section */
		6F1D5CE524B0ADAC0056F07B /* AppClipsDemo */ = {
			isa = PBXNativeTarget;
			buildConfigurationList = 6F1D5D1024B0ADB50056F07B /* Build configuration list for PBXNativeTarget "AppClipsDemo" */;
			buildPhases = (
				6F1D5CE224B0ADAC0056F07B /* Sources */,
				6F1D5CE324B0ADAC0056F07B /* Frameworks */,
				6F1D5CE424B0ADAC0056F07B /* Resources */,
			);
			buildRules = (
			);
			dependencies = (
			);
			name = AppClipsDemo;
			productName = AppClipsDemo;
			productReference = 6F1D5CE624B0ADAC0056F07B /* AppClipsDemo.app */;
			productType = "com.apple.product-type.application";
		};
		6F1D5CFB24B0ADB50056F07B /* AppClipsDemoTests */ = {
			isa = PBXNativeTarget;
			buildConfigurationList = 6F1D5D1324B0ADB50056F07B /* Build configuration list for PBXNativeTarget "AppClipsDemoTests" */;
			buildPhases = (
				6F1D5CF824B0ADB50056F07B /* Sources */,
				6F1D5CF924B0ADB50056F07B /* Frameworks */,
				6F1D5CFA24B0ADB50056F07B /* Resources */,
			);
			buildRules = (
			);
			dependencies = (
				6F1D5CFE24B0ADB50056F07B /* PBXTargetDependency */,
			);
			name = AppClipsDemoTests;
			productName = AppClipsDemoTests;
			productReference = 6F1D5CFC24B0ADB50056F07B /* AppClipsDemoTests.xctest */;
			productType = "com.apple.product-type.bundle.unit-test";
		};
		6F1D5D0624B0ADB50056F07B /* AppClipsDemoUITests */ = {
			isa = PBXNativeTarget;
			buildConfigurationList = 6F1D5D1624B0ADB50056F07B /* Build configuration list for PBXNativeTarget "AppClipsDemoUITests" */;
			buildPhases = (
				6F1D5D0324B0ADB50056F07B /* Sources */,
				6F1D5D0424B0ADB50056F07B /* Frameworks */,
				6F1D5D0524B0ADB50056F07B /* Resources */,
			);
			buildRules = (
			);
			dependencies = (
				6F1D5D0924B0ADB50056F07B /* PBXTargetDependency */,
			);
			name = AppClipsDemoUITests;
			productName = AppClipsDemoUITests;
			productReference = 6F1D5D0724B0ADB50056F07B /* AppClipsDemoUITests.xctest */;
			productType = "com.apple.product-type.bundle.ui-testing";
		};
/* End PBXNativeTarget section */

/* Begin PBXProject section */
		6F1D5CDE24B0ADAC0056F07B /* Project object */ = {
			isa = PBXProject;
			attributes = {
				LastSwiftUpdateCheck = 1200;
				LastUpgradeCheck = 1200;
				TargetAttributes = {
					6F1D5CE524B0ADAC0056F07B = {
						CreatedOnToolsVersion = 12.0;
					};
					6F1D5CFB24B0ADB50056F07B = {
						CreatedOnToolsVersion = 12.0;
						TestTargetID = 6F1D5CE524B0ADAC0056F07B;
					};
					6F1D5D0624B0ADB50056F07B = {
						CreatedOnToolsVersion = 12.0;
						TestTargetID = 6F1D5CE524B0ADAC0056F07B;
					};
				};
			};
			buildConfigurationList = 6F1D5CE124B0ADAC0056F07B /* Build configuration list for PBXProject "AppClipsDemo" */;
			compatibilityVersion = "Xcode 9.3";
			developmentRegion = en;
			hasScannedForEncodings = 0;
			knownRegions = (
				en,
				Base,
			);
			mainGroup = 6F1D5CDD24B0ADAC0056F07B;
			productRefGroup = 6F1D5CE724B0ADAC0056F07B /* Products */;
			projectDirPath = "";
			projectRoot = "";
			targets = (
				6F1D5CE524B0ADAC0056F07B /* AppClipsDemo */,
				6F1D5CFB24B0ADB50056F07B /* AppClipsDemoTests */,
				6F1D5D0624B0ADB50056F07B /* AppClipsDemoUITests */,
			);
		};
/* End PBXProject section */

/* Begin PBXResourcesBuildPhase section */
		6F1D5CE424B0ADAC0056F07B /* Resources */ = {
			isa = PBXResourcesBuildPhase;
			buildActionMask = 2147483647;
			files = (
				6F1D5CF624B0ADB40056F07B /* LaunchScreen.storyboard in Resources */,
				6F1D5CF324B0ADB40056F07B /* Assets.xcassets in Resources */,
				6F1D5CF124B0ADAC0056F07B /* Main.storyboard in Resources */,
			);
			runOnlyForDeploymentPostprocessing = 0;
		};
		6F1D5CFA24B0ADB50056F07B /* Resources */ = {
			isa = PBXResourcesBuildPhase;
			buildActionMask = 2147483647;
			files = (
			);
			runOnlyForDeploymentPostprocessing = 0;
		};
		6F1D5D0524B0ADB50056F07B /* Resources */ = {
			isa = PBXResourcesBuildPhase;
			buildActionMask = 2147483647;
			files = (
			);
			runOnlyForDeploymentPostprocessing = 0;
		};
/* End PBXResourcesBuildPhase section */

/* Begin PBXSourcesBuildPhase section */
		6F1D5CE224B0ADAC0056F07B /* Sources */ = {
			isa = PBXSourcesBuildPhase;
			buildActionMask = 2147483647;
			files = (
				6F1D5CEE24B0ADAC0056F07B /* ViewController.swift in Sources */,
				6F1D5CEA24B0ADAC0056F07B /* AppDelegate.swift in Sources */,
				6F1D5CEC24B0ADAC0056F07B /* SceneDelegate.swift in Sources */,
			);
			runOnlyForDeploymentPostprocessing = 0;
		};
		6F1D5CF824B0ADB50056F07B /* Sources */ = {
			isa = PBXSourcesBuildPhase;
			buildActionMask = 2147483647;
			files = (
				6F1D5D0124B0ADB50056F07B /* AppClipsDemoTests.swift in Sources */,
			);
			runOnlyForDeploymentPostprocessing = 0;
		};
		6F1D5D0324B0ADB50056F07B /* Sources */ = {
			isa = PBXSourcesBuildPhase;
			buildActionMask = 2147483647;
			files = (
				6F1D5D0C24B0ADB50056F07B /* AppClipsDemoUITests.swift in Sources */,
			);
			runOnlyForDeploymentPostprocessing = 0;
		};
/* End PBXSourcesBuildPhase section */

/* Begin PBXTargetDependency section */
		6F1D5CFE24B0ADB50056F07B /* PBXTargetDependency */ = {
			isa = PBXTargetDependency;
			target = 6F1D5CE524B0ADAC0056F07B /* AppClipsDemo */;
			targetProxy = 6F1D5CFD24B0ADB50056F07B /* PBXContainerItemProxy */;
		};
		6F1D5D0924B0ADB50056F07B /* PBXTargetDependency */ = {
			isa = PBXTargetDependency;
			target = 6F1D5CE524B0ADAC0056F07B /* AppClipsDemo */;
			targetProxy = 6F1D5D0824B0ADB50056F07B /* PBXContainerItemProxy */;
		};
/* End PBXTargetDependency section */

/* Begin PBXVariantGroup section */
		6F1D5CEF24B0ADAC0056F07B /* Main.storyboard */ = {
			isa = PBXVariantGroup;
			children = (
				6F1D5CF024B0ADAC0056F07B /* Base */,
			);
			name = Main.storyboard;
			sourceTree = "<group>";
		};
		6F1D5CF424B0ADB40056F07B /* LaunchScreen.storyboard */ = {
			isa = PBXVariantGroup;
			children = (
				6F1D5CF524B0ADB40056F07B /* Base */,
			);
			name = LaunchScreen.storyboard;
			sourceTree = "<group>";
		};
/* End PBXVariantGroup section */

/* Begin XCBuildConfiguration section */
		6F1D5D0E24B0ADB50056F07B /* Debug */ = {
			isa = XCBuildConfiguration;
			buildSettings = {
				ALWAYS_SEARCH_USER_PATHS = NO;
				CLANG_ANALYZER_NONNULL = YES;
				CLANG_ANALYZER_NUMBER_OBJECT_CONVERSION = YES_AGGRESSIVE;
				CLANG_CXX_LANGUAGE_STANDARD = "gnu++14";
				CLANG_CXX_LIBRARY = "libc++";
				CLANG_ENABLE_MODULES = YES;
				CLANG_ENABLE_OBJC_ARC = YES;
				CLANG_ENABLE_OBJC_WEAK = YES;
				CLANG_WARN_BLOCK_CAPTURE_AUTORELEASING = YES;
				CLANG_WARN_BOOL_CONVERSION = YES;
				CLANG_WARN_COMMA = YES;
				CLANG_WARN_CONSTANT_CONVERSION = YES;
				CLANG_WARN_DEPRECATED_OBJC_IMPLEMENTATIONS = YES;
				CLANG_WARN_DIRECT_OBJC_ISA_USAGE = YES_ERROR;
				CLANG_WARN_DOCUMENTATION_COMMENTS = YES;
				CLANG_WARN_EMPTY_BODY = YES;
				CLANG_WARN_ENUM_CONVERSION = YES;
				CLANG_WARN_INFINITE_RECURSION = YES;
				CLANG_WARN_INT_CONVERSION = YES;
				CLANG_WARN_NON_LITERAL_NULL_CONVERSION = YES;
				CLANG_WARN_OBJC_IMPLICIT_RETAIN_SELF = YES;
				CLANG_WARN_OBJC_LITERAL_CONVERSION = YES;
				CLANG_WARN_OBJC_ROOT_CLASS = YES_ERROR;
				CLANG_WARN_QUOTED_INCLUDE_IN_FRAMEWORK_HEADER = YES;
				CLANG_WARN_RANGE_LOOP_ANALYSIS = YES;
				CLANG_WARN_STRICT_PROTOTYPES = YES;
				CLANG_WARN_SUSPICIOUS_MOVE = YES;
				CLANG_WARN_UNGUARDED_AVAILABILITY = YES_AGGRESSIVE;
				CLANG_WARN_UNREACHABLE_CODE = YES;
				CLANG_WARN__DUPLICATE_METHOD_MATCH = YES;
				COPY_PHASE_STRIP = NO;
				DEBUG_INFORMATION_FORMAT = dwarf;
				ENABLE_STRICT_OBJC_MSGSEND = YES;
				ENABLE_TESTABILITY = YES;
				GCC_C_LANGUAGE_STANDARD = gnu11;
				GCC_DYNAMIC_NO_PIC = NO;
				GCC_NO_COMMON_BLOCKS = YES;
				GCC_OPTIMIZATION_LEVEL = 0;
				GCC_PREPROCESSOR_DEFINITIONS = (
					"DEBUG=1",
					"$(inherited)",
				);
				GCC_WARN_64_TO_32_BIT_CONVERSION = YES;
				GCC_WARN_ABOUT_RETURN_TYPE = YES_ERROR;
				GCC_WARN_UNDECLARED_SELECTOR = YES;
				GCC_WARN_UNINITIALIZED_AUTOS = YES_AGGRESSIVE;
				GCC_WARN_UNUSED_FUNCTION = YES;
				GCC_WARN_UNUSED_VARIABLE = YES;
				IPHONEOS_DEPLOYMENT_TARGET = 14.0;
				MTL_ENABLE_DEBUG_INFO = INCLUDE_SOURCE;
				MTL_FAST_MATH = YES;
				ONLY_ACTIVE_ARCH = YES;
				SDKROOT = iphoneos;
				SWIFT_ACTIVE_COMPILATION_CONDITIONS = DEBUG;
				SWIFT_OPTIMIZATION_LEVEL = "-Onone";
			};
			name = Debug;
		};
		6F1D5D0F24B0ADB50056F07B /* Release */ = {
			isa = XCBuildConfiguration;
			buildSettings = {
				ALWAYS_SEARCH_USER_PATHS = NO;
				CLANG_ANALYZER_NONNULL = YES;
				CLANG_ANALYZER_NUMBER_OBJECT_CONVERSION = YES_AGGRESSIVE;
				CLANG_CXX_LANGUAGE_STANDARD = "gnu++14";
				CLANG_CXX_LIBRARY = "libc++";
				CLANG_ENABLE_MODULES = YES;
				CLANG_ENABLE_OBJC_ARC = YES;
				CLANG_ENABLE_OBJC_WEAK = YES;
				CLANG_WARN_BLOCK_CAPTURE_AUTORELEASING = YES;
				CLANG_WARN_BOOL_CONVERSION = YES;
				CLANG_WARN_COMMA = YES;
				CLANG_WARN_CONSTANT_CONVERSION = YES;
				CLANG_WARN_DEPRECATED_OBJC_IMPLEMENTATIONS = YES;
				CLANG_WARN_DIRECT_OBJC_ISA_USAGE = YES_ERROR;
				CLANG_WARN_DOCUMENTATION_COMMENTS = YES;
				CLANG_WARN_EMPTY_BODY = YES;
				CLANG_WARN_ENUM_CONVERSION = YES;
				CLANG_WARN_INFINITE_RECURSION = YES;
				CLANG_WARN_INT_CONVERSION = YES;
				CLANG_WARN_NON_LITERAL_NULL_CONVERSION = YES;
				CLANG_WARN_OBJC_IMPLICIT_RETAIN_SELF = YES;
				CLANG_WARN_OBJC_LITERAL_CONVERSION = YES;
				CLANG_WARN_OBJC_ROOT_CLASS = YES_ERROR;
				CLANG_WARN_QUOTED_INCLUDE_IN_FRAMEWORK_HEADER = YES;
				CLANG_WARN_RANGE_LOOP_ANALYSIS = YES;
				CLANG_WARN_STRICT_PROTOTYPES = YES;
				CLANG_WARN_SUSPICIOUS_MOVE = YES;
				CLANG_WARN_UNGUARDED_AVAILABILITY = YES_AGGRESSIVE;
				CLANG_WARN_UNREACHABLE_CODE = YES;
				CLANG_WARN__DUPLICATE_METHOD_MATCH = YES;
				COPY_PHASE_STRIP = NO;
				DEBUG_INFORMATION_FORMAT = "dwarf-with-dsym";
				ENABLE_NS_ASSERTIONS = NO;
				ENABLE_STRICT_OBJC_MSGSEND = YES;
				GCC_C_LANGUAGE_STANDARD = gnu11;
				GCC_NO_COMMON_BLOCKS = YES;
				GCC_WARN_64_TO_32_BIT_CONVERSION = YES;
				GCC_WARN_ABOUT_RETURN_TYPE = YES_ERROR;
				GCC_WARN_UNDECLARED_SELECTOR = YES;
				GCC_WARN_UNINITIALIZED_AUTOS = YES_AGGRESSIVE;
				GCC_WARN_UNUSED_FUNCTION = YES;
				GCC_WARN_UNUSED_VARIABLE = YES;
				IPHONEOS_DEPLOYMENT_TARGET = 14.0;
				MTL_ENABLE_DEBUG_INFO = NO;
				MTL_FAST_MATH = YES;
				SDKROOT = iphoneos;
				SWIFT_COMPILATION_MODE = wholemodule;
				SWIFT_OPTIMIZATION_LEVEL = "-O";
				VALIDATE_PRODUCT = YES;
			};
			name = Release;
		};
		6F1D5D1124B0ADB50056F07B /* Debug */ = {
			isa = XCBuildConfiguration;
			buildSettings = {
				ASSETCATALOG_COMPILER_APPICON_NAME = AppIcon;
				ASSETCATALOG_COMPILER_GLOBAL_ACCENT_COLOR_NAME = AccentColor;
				CODE_SIGN_STYLE = Automatic;
				DEVELOPMENT_TEAM = 7EZ23W2MEV;
				INFOPLIST_FILE = AppClipsDemo/Info.plist;
				LD_RUNPATH_SEARCH_PATHS = (
					"$(inherited)",
					"@executable_path/Frameworks",
				);
				PRODUCT_BUNDLE_IDENTIFIER = young.AppClipsDemo;
				PRODUCT_NAME = "$(TARGET_NAME)";
				SWIFT_VERSION = 5.0;
				TARGETED_DEVICE_FAMILY = "1,2";
			};
			name = Debug;
		};
		6F1D5D1224B0ADB50056F07B /* Release */ = {
			isa = XCBuildConfiguration;
			buildSettings = {
				ASSETCATALOG_COMPILER_APPICON_NAME = AppIcon;
				ASSETCATALOG_COMPILER_GLOBAL_ACCENT_COLOR_NAME = AccentColor;
				CODE_SIGN_STYLE = Automatic;
				DEVELOPMENT_TEAM = 7EZ23W2MEV;
				INFOPLIST_FILE = AppClipsDemo/Info.plist;
				LD_RUNPATH_SEARCH_PATHS = (
					"$(inherited)",
					"@executable_path/Frameworks",
				);
				PRODUCT_BUNDLE_IDENTIFIER = young.AppClipsDemo;
				PRODUCT_NAME = "$(TARGET_NAME)";
				SWIFT_VERSION = 5.0;
				TARGETED_DEVICE_FAMILY = "1,2";
			};
			name = Release;
		};
		6F1D5D1424B0ADB50056F07B /* Debug */ = {
			isa = XCBuildConfiguration;
			buildSettings = {
				ALWAYS_EMBED_SWIFT_STANDARD_LIBRARIES = YES;
				BUNDLE_LOADER = "$(TEST_HOST)";
				CODE_SIGN_STYLE = Automatic;
				DEVELOPMENT_TEAM = 7EZ23W2MEV;
				INFOPLIST_FILE = AppClipsDemoTests/Info.plist;
				IPHONEOS_DEPLOYMENT_TARGET = 14.0;
				LD_RUNPATH_SEARCH_PATHS = (
					"$(inherited)",
					"@executable_path/Frameworks",
					"@loader_path/Frameworks",
				);
				PRODUCT_BUNDLE_IDENTIFIER = young.AppClipsDemoTests;
				PRODUCT_NAME = "$(TARGET_NAME)";
				SWIFT_VERSION = 5.0;
				TARGETED_DEVICE_FAMILY = "1,2";
				TEST_HOST = "$(BUILT_PRODUCTS_DIR)/AppClipsDemo.app/AppClipsDemo";
			};
			name = Debug;
		};
		6F1D5D1524B0ADB50056F07B /* Release */ = {
			isa = XCBuildConfiguration;
			buildSettings = {
				ALWAYS_EMBED_SWIFT_STANDARD_LIBRARIES = YES;
				BUNDLE_LOADER = "$(TEST_HOST)";
				CODE_SIGN_STYLE = Automatic;
				DEVELOPMENT_TEAM = 7EZ23W2MEV;
				INFOPLIST_FILE = AppClipsDemoTests/Info.plist;
				IPHONEOS_DEPLOYMENT_TARGET = 14.0;
				LD_RUNPATH_SEARCH_PATHS = (
					"$(inherited)",
					"@executable_path/Frameworks",
					"@loader_path/Frameworks",
				);
				PRODUCT_BUNDLE_IDENTIFIER = young.AppClipsDemoTests;
				PRODUCT_NAME = "$(TARGET_NAME)";
				SWIFT_VERSION = 5.0;
				TARGETED_DEVICE_FAMILY = "1,2";
				TEST_HOST = "$(BUILT_PRODUCTS_DIR)/AppClipsDemo.app/AppClipsDemo";
			};
			name = Release;
		};
		6F1D5D1724B0ADB50056F07B /* Debug */ = {
			isa = XCBuildConfiguration;
			buildSettings = {
				ALWAYS_EMBED_SWIFT_STANDARD_LIBRARIES = YES;
				CODE_SIGN_STYLE = Automatic;
				DEVELOPMENT_TEAM = 7EZ23W2MEV;
				INFOPLIST_FILE = AppClipsDemoUITests/Info.plist;
				LD_RUNPATH_SEARCH_PATHS = (
					"$(inherited)",
					"@executable_path/Frameworks",
					"@loader_path/Frameworks",
				);
				PRODUCT_BUNDLE_IDENTIFIER = young.AppClipsDemoUITests;
				PRODUCT_NAME = "$(TARGET_NAME)";
				SWIFT_VERSION = 5.0;
				TARGETED_DEVICE_FAMILY = "1,2";
				TEST_TARGET_NAME = AppClipsDemo;
			};
			name = Debug;
		};
		6F1D5D1824B0ADB50056F07B /* Release */ = {
			isa = XCBuildConfiguration;
			buildSettings = {
				ALWAYS_EMBED_SWIFT_STANDARD_LIBRARIES = YES;
				CODE_SIGN_STYLE = Automatic;
				DEVELOPMENT_TEAM = 7EZ23W2MEV;
				INFOPLIST_FILE = AppClipsDemoUITests/Info.plist;
				LD_RUNPATH_SEARCH_PATHS = (
					"$(inherited)",
					"@executable_path/Frameworks",
					"@loader_path/Frameworks",
				);
				PRODUCT_BUNDLE_IDENTIFIER = young.AppClipsDemoUITests;
				PRODUCT_NAME = "$(TARGET_NAME)";
				SWIFT_VERSION = 5.0;
				TARGETED_DEVICE_FAMILY = "1,2";
				TEST_TARGET_NAME = AppClipsDemo;
			};
			name = Release;
		};
/* End XCBuildConfiguration section */

/* Begin XCConfigurationList section */
		6F1D5CE124B0ADAC0056F07B /* Build configuration list for PBXProject "AppClipsDemo" */ = {
			isa = XCConfigurationList;
			buildConfigurations = (
				6F1D5D0E24B0ADB50056F07B /* Debug */,
				6F1D5D0F24B0ADB50056F07B /* Release */,
			);
			defaultConfigurationIsVisible = 0;
			defaultConfigurationName = Release;
		};
		6F1D5D1024B0ADB50056F07B /* Build configuration list for PBXNativeTarget "AppClipsDemo" */ = {
			isa = XCConfigurationList;
			buildConfigurations = (
				6F1D5D1124B0ADB50056F07B /* Debug */,
				6F1D5D1224B0ADB50056F07B /* Release */,
			);
			defaultConfigurationIsVisible = 0;
			defaultConfigurationName = Release;
		};
		6F1D5D1324B0ADB50056F07B /* Build configuration list for PBXNativeTarget "AppClipsDemoTests" */ = {
			isa = XCConfigurationList;
			buildConfigurations = (
				6F1D5D1424B0ADB50056F07B /* Debug */,
				6F1D5D1524B0ADB50056F07B /* Release */,
			);
			defaultConfigurationIsVisible = 0;
			defaultConfigurationName = Release;
		};
		6F1D5D1624B0ADB50056F07B /* Build configuration list for PBXNativeTarget "AppClipsDemoUITests" */ = {
			isa = XCConfigurationList;
			buildConfigurations = (
				6F1D5D1724B0ADB50056F07B /* Debug */,
				6F1D5D1824B0ADB50056F07B /* Release */,
			);
			defaultConfigurationIsVisible = 0;
			defaultConfigurationName = Release;
		};
/* End XCConfigurationList section */
	};
	rootObject = 6F1D5CDE24B0ADAC0056F07B /* Project object */;
}
